
Microsoft Visual Studio Solution File, Format Version 12.00
# Visual Studio Version 16
VisualStudioVersion = 16.0.31911.196
MinimumVisualStudioVersion = 10.0.40219.1
Project("{FAE04EC0-301F-11D3-BF4B-00C04F79EFBC}") = "HTTP-5212-Passion-Project-RX-V2", "HTTP-5212-Passion-Project-RX-V2\HTTP-5212-Passion-Project-RX-V2.csproj", "{F4F40DD1-A66D-49FA-836E-CCBDA7E868FA}"
EndProject
Global
	GlobalSection(SolutionConfigurationPlatforms) = preSolution
		Debug|Any CPU = Debug|Any CPU
		Release|Any CPU = Release|Any CPU
	EndGlobalSection
	GlobalSection(ProjectConfigurationPlatforms) = postSolution
		{F4F40DD1-A66D-49FA-836E-CCBDA7E868FA}.Debug|Any CPU.ActiveCfg = Debug|Any CPU
		{F4F40DD1-A66D-49FA-836E-CCBDA7E868FA}.Debug|Any CPU.Build.0 = Debug|Any CPU
		{F4F40DD1-A66D-49FA-836E-CCBDA7E868FA}.Release|Any CPU.ActiveCfg = Release|Any CPU
		{F4F40DD1-A66D-49FA-836E-CCBDA7E868FA}.Release|Any CPU.Build.0 = Release|Any CPU
	EndGlobalSection
	GlobalSection(SolutionProperties) = preSolution
		HideSolutionNode = FALSE
	EndGlobalSection
	GlobalSection(ExtensibilityGlobals) = postSolution
		SolutionGuid = {CD75BF30-1B2F-469E-963E-81AC1E7B4D24}
	EndGlobalSection
EndGlobal
